
Microsoft Visual Studio Solution File, Format Version 12.00
# Visual Studio 15
VisualStudioVersion = 15.0.26403.7
MinimumVisualStudioVersion = 10.0.40219.1
Project("{9092AA53-FB77-4645-B42D-1CCCA6BD08BD}") = "heart-score", "heart-score\heart-score.njsproj", "{2EBE093F-191A-4FC9-B1AE-B1AA2BF47309}"
EndProject
Global
	GlobalSection(SolutionConfigurationPlatforms) = preSolution
		Debug|Any CPU = Debug|Any CPU
		Release|Any CPU = Release|Any CPU
	EndGlobalSection
	GlobalSection(ProjectConfigurationPlatforms) = postSolution
		{2EBE093F-191A-4FC9-B1AE-B1AA2BF47309}.Debug|Any CPU.ActiveCfg = Debug|Any CPU
		{2EBE093F-191A-4FC9-B1AE-B1AA2BF47309}.Debug|Any CPU.Build.0 = Debug|Any CPU
		{2EBE093F-191A-4FC9-B1AE-B1AA2BF47309}.Release|Any CPU.ActiveCfg = Release|Any CPU
		{2EBE093F-191A-4FC9-B1AE-B1AA2BF47309}.Release|Any CPU.Build.0 = Release|Any CPU
	EndGlobalSection
	GlobalSection(SolutionProperties) = preSolution
		HideSolutionNode = FALSE
	EndGlobalSection
EndGlobal
